
Microsoft Visual Studio Solution File, Format Version 12.00
# Visual Studio Version 17
VisualStudioVersion = 17.6.33815.320
MinimumVisualStudioVersion = 10.0.40219.1
Project("{2150E333-8FDC-42A3-9474-1A3956D46DE8}") = "Services", "Services", "{1D6EAA35-4DD3-4997-A50C-0CB72C13136B}"
EndProject
Project("{2150E333-8FDC-42A3-9474-1A3956D46DE8}") = "Catalog", "Catalog", "{65133B71-4C6C-48CF-8085-C0B03176E771}"
EndProject
Project("{FAE04EC0-301F-11D3-BF4B-00C04F79EFBC}") = "Catalog.API", "Services\Catalog\Catalog.API\Catalog.API.csproj", "{83AB8BE9-B47F-4BCB-BCA4-7DB7F1CE8D29}"
EndProject
Global
	GlobalSection(SolutionConfigurationPlatforms) = preSolution
		Debug|Any CPU = Debug|Any CPU
		Release|Any CPU = Release|Any CPU
	EndGlobalSection
	GlobalSection(ProjectConfigurationPlatforms) = postSolution
		{83AB8BE9-B47F-4BCB-BCA4-7DB7F1CE8D29}.Debug|Any CPU.ActiveCfg = Debug|Any CPU
		{83AB8BE9-B47F-4BCB-BCA4-7DB7F1CE8D29}.Debug|Any CPU.Build.0 = Debug|Any CPU
		{83AB8BE9-B47F-4BCB-BCA4-7DB7F1CE8D29}.Release|Any CPU.ActiveCfg = Release|Any CPU
		{83AB8BE9-B47F-4BCB-BCA4-7DB7F1CE8D29}.Release|Any CPU.Build.0 = Release|Any CPU
	EndGlobalSection
	GlobalSection(SolutionProperties) = preSolution
		HideSolutionNode = FALSE
	EndGlobalSection
	GlobalSection(NestedProjects) = preSolution
		{65133B71-4C6C-48CF-8085-C0B03176E771} = {1D6EAA35-4DD3-4997-A50C-0CB72C13136B}
		{83AB8BE9-B47F-4BCB-BCA4-7DB7F1CE8D29} = {65133B71-4C6C-48CF-8085-C0B03176E771}
	EndGlobalSection
	GlobalSection(ExtensibilityGlobals) = postSolution
		SolutionGuid = {EE480B28-383C-4323-AD77-A0249949AF58}
	EndGlobalSection
EndGlobal
