
Microsoft Visual Studio Solution File, Format Version 12.00
# Visual Studio Version 17
VisualStudioVersion = 17.6.33815.320
MinimumVisualStudioVersion = 10.0.40219.1
Project("{2150E333-8FDC-42A3-9474-1A3956D46DE8}") = "Services", "Services", "{1D6EAA35-4DD3-4997-A50C-0CB72C13136B}"
EndProject
Project("{2150E333-8FDC-42A3-9474-1A3956D46DE8}") = "Catalog", "Catalog", "{65133B71-4C6C-48CF-8085-C0B03176E771}"
EndProject
Project("{9A19103F-16F7-4668-BE54-9A1E7A4F7556}") = "Catalog.API", "Services\Catalog\Catalog.API\Catalog.API.csproj", "{83AB8BE9-B47F-4BCB-BCA4-7DB7F1CE8D29}"
EndProject
Project("{E53339B2-1760-4266-BCC7-CA923CBCF16C}") = "docker-compose", "docker-compose.dcproj", "{2FAE894E-63C6-4B76-ABA2-2A923ADFFEE3}"
EndProject
Project("{2150E333-8FDC-42A3-9474-1A3956D46DE8}") = "Basket", "Basket", "{15A63954-6C33-4303-B38E-A4AEC61FC711}"
EndProject
Project("{9A19103F-16F7-4668-BE54-9A1E7A4F7556}") = "Basket.API", "Services\Basket\Basket.API\Basket.API.csproj", "{68E85CD8-A1E9-4AF2-A2F8-4E7C66BCA3A6}"
EndProject
Project("{2150E333-8FDC-42A3-9474-1A3956D46DE8}") = "Discount", "Discount", "{CFE9A8AA-6C02-4F7B-87D7-351D147E5642}"
EndProject
Project("{9A19103F-16F7-4668-BE54-9A1E7A4F7556}") = "Discount.API", "Services\Discount\Discount.API\Discount.API.csproj", "{CF30CC6B-8104-43D8-8222-5A3447DF5646}"
EndProject
Project("{9A19103F-16F7-4668-BE54-9A1E7A4F7556}") = "Discount.Grpc", "Services\Discount\Discount.Grpc\Discount.Grpc.csproj", "{02D73FB8-9B92-4E37-9556-AE80471BE9D1}"
EndProject
Project("{2150E333-8FDC-42A3-9474-1A3956D46DE8}") = "Ordering", "Ordering", "{9DB0E477-C503-4D64-B49D-33965E64D5D0}"
EndProject
Project("{9A19103F-16F7-4668-BE54-9A1E7A4F7556}") = "Ordering.API", "Services\Ordering\Ordering.API\Ordering.API.csproj", "{C5872624-0372-40CC-904B-5368E4F2FF90}"
EndProject
Project("{9A19103F-16F7-4668-BE54-9A1E7A4F7556}") = "Ordering.Domain", "Services\Ordering\Ordering.Domain\Ordering.Domain.csproj", "{B41AD359-4005-4F98-8A13-31D31958886B}"
EndProject
Project("{9A19103F-16F7-4668-BE54-9A1E7A4F7556}") = "Ordering.Application", "Services\Ordering\Ordering.Application\Ordering.Application.csproj", "{48E5F1DD-1EB8-410E-B477-299BD5C73B86}"
EndProject
Project("{9A19103F-16F7-4668-BE54-9A1E7A4F7556}") = "Ordering.Infrastructure", "Services\Ordering\Ordering.Infrastructure\Ordering.Infrastructure.csproj", "{18D94769-75C8-4469-A826-E5D34CC26C1E}"
EndProject
Global
	GlobalSection(SolutionConfigurationPlatforms) = preSolution
		Debug|Any CPU = Debug|Any CPU
		Release|Any CPU = Release|Any CPU
	EndGlobalSection
	GlobalSection(ProjectConfigurationPlatforms) = postSolution
		{83AB8BE9-B47F-4BCB-BCA4-7DB7F1CE8D29}.Debug|Any CPU.ActiveCfg = Debug|Any CPU
		{83AB8BE9-B47F-4BCB-BCA4-7DB7F1CE8D29}.Debug|Any CPU.Build.0 = Debug|Any CPU
		{83AB8BE9-B47F-4BCB-BCA4-7DB7F1CE8D29}.Release|Any CPU.ActiveCfg = Release|Any CPU
		{83AB8BE9-B47F-4BCB-BCA4-7DB7F1CE8D29}.Release|Any CPU.Build.0 = Release|Any CPU
		{2FAE894E-63C6-4B76-ABA2-2A923ADFFEE3}.Debug|Any CPU.ActiveCfg = Debug|Any CPU
		{2FAE894E-63C6-4B76-ABA2-2A923ADFFEE3}.Debug|Any CPU.Build.0 = Debug|Any CPU
		{2FAE894E-63C6-4B76-ABA2-2A923ADFFEE3}.Release|Any CPU.ActiveCfg = Release|Any CPU
		{2FAE894E-63C6-4B76-ABA2-2A923ADFFEE3}.Release|Any CPU.Build.0 = Release|Any CPU
		{68E85CD8-A1E9-4AF2-A2F8-4E7C66BCA3A6}.Debug|Any CPU.ActiveCfg = Debug|Any CPU
		{68E85CD8-A1E9-4AF2-A2F8-4E7C66BCA3A6}.Debug|Any CPU.Build.0 = Debug|Any CPU
		{68E85CD8-A1E9-4AF2-A2F8-4E7C66BCA3A6}.Release|Any CPU.ActiveCfg = Release|Any CPU
		{68E85CD8-A1E9-4AF2-A2F8-4E7C66BCA3A6}.Release|Any CPU.Build.0 = Release|Any CPU
		{CF30CC6B-8104-43D8-8222-5A3447DF5646}.Debug|Any CPU.ActiveCfg = Debug|Any CPU
		{CF30CC6B-8104-43D8-8222-5A3447DF5646}.Debug|Any CPU.Build.0 = Debug|Any CPU
		{CF30CC6B-8104-43D8-8222-5A3447DF5646}.Release|Any CPU.ActiveCfg = Release|Any CPU
		{CF30CC6B-8104-43D8-8222-5A3447DF5646}.Release|Any CPU.Build.0 = Release|Any CPU
		{02D73FB8-9B92-4E37-9556-AE80471BE9D1}.Debug|Any CPU.ActiveCfg = Debug|Any CPU
		{02D73FB8-9B92-4E37-9556-AE80471BE9D1}.Debug|Any CPU.Build.0 = Debug|Any CPU
		{02D73FB8-9B92-4E37-9556-AE80471BE9D1}.Release|Any CPU.ActiveCfg = Release|Any CPU
		{02D73FB8-9B92-4E37-9556-AE80471BE9D1}.Release|Any CPU.Build.0 = Release|Any CPU
		{C5872624-0372-40CC-904B-5368E4F2FF90}.Debug|Any CPU.ActiveCfg = Debug|Any CPU
		{C5872624-0372-40CC-904B-5368E4F2FF90}.Debug|Any CPU.Build.0 = Debug|Any CPU
		{C5872624-0372-40CC-904B-5368E4F2FF90}.Release|Any CPU.ActiveCfg = Release|Any CPU
		{C5872624-0372-40CC-904B-5368E4F2FF90}.Release|Any CPU.Build.0 = Release|Any CPU
		{B41AD359-4005-4F98-8A13-31D31958886B}.Debug|Any CPU.ActiveCfg = Debug|Any CPU
		{B41AD359-4005-4F98-8A13-31D31958886B}.Debug|Any CPU.Build.0 = Debug|Any CPU
		{B41AD359-4005-4F98-8A13-31D31958886B}.Release|Any CPU.ActiveCfg = Release|Any CPU
		{B41AD359-4005-4F98-8A13-31D31958886B}.Release|Any CPU.Build.0 = Release|Any CPU
		{48E5F1DD-1EB8-410E-B477-299BD5C73B86}.Debug|Any CPU.ActiveCfg = Debug|Any CPU
		{48E5F1DD-1EB8-410E-B477-299BD5C73B86}.Debug|Any CPU.Build.0 = Debug|Any CPU
		{48E5F1DD-1EB8-410E-B477-299BD5C73B86}.Release|Any CPU.ActiveCfg = Release|Any CPU
		{48E5F1DD-1EB8-410E-B477-299BD5C73B86}.Release|Any CPU.Build.0 = Release|Any CPU
		{18D94769-75C8-4469-A826-E5D34CC26C1E}.Debug|Any CPU.ActiveCfg = Debug|Any CPU
		{18D94769-75C8-4469-A826-E5D34CC26C1E}.Debug|Any CPU.Build.0 = Debug|Any CPU
		{18D94769-75C8-4469-A826-E5D34CC26C1E}.Release|Any CPU.ActiveCfg = Release|Any CPU
		{18D94769-75C8-4469-A826-E5D34CC26C1E}.Release|Any CPU.Build.0 = Release|Any CPU
	EndGlobalSection
	GlobalSection(SolutionProperties) = preSolution
		HideSolutionNode = FALSE
	EndGlobalSection
	GlobalSection(NestedProjects) = preSolution
		{65133B71-4C6C-48CF-8085-C0B03176E771} = {1D6EAA35-4DD3-4997-A50C-0CB72C13136B}
		{83AB8BE9-B47F-4BCB-BCA4-7DB7F1CE8D29} = {65133B71-4C6C-48CF-8085-C0B03176E771}
		{15A63954-6C33-4303-B38E-A4AEC61FC711} = {1D6EAA35-4DD3-4997-A50C-0CB72C13136B}
		{68E85CD8-A1E9-4AF2-A2F8-4E7C66BCA3A6} = {15A63954-6C33-4303-B38E-A4AEC61FC711}
		{CFE9A8AA-6C02-4F7B-87D7-351D147E5642} = {1D6EAA35-4DD3-4997-A50C-0CB72C13136B}
		{CF30CC6B-8104-43D8-8222-5A3447DF5646} = {CFE9A8AA-6C02-4F7B-87D7-351D147E5642}
		{02D73FB8-9B92-4E37-9556-AE80471BE9D1} = {CFE9A8AA-6C02-4F7B-87D7-351D147E5642}
		{9DB0E477-C503-4D64-B49D-33965E64D5D0} = {1D6EAA35-4DD3-4997-A50C-0CB72C13136B}
		{C5872624-0372-40CC-904B-5368E4F2FF90} = {9DB0E477-C503-4D64-B49D-33965E64D5D0}
		{B41AD359-4005-4F98-8A13-31D31958886B} = {9DB0E477-C503-4D64-B49D-33965E64D5D0}
		{48E5F1DD-1EB8-410E-B477-299BD5C73B86} = {9DB0E477-C503-4D64-B49D-33965E64D5D0}
		{18D94769-75C8-4469-A826-E5D34CC26C1E} = {9DB0E477-C503-4D64-B49D-33965E64D5D0}
	EndGlobalSection
	GlobalSection(ExtensibilityGlobals) = postSolution
		SolutionGuid = {EE480B28-383C-4323-AD77-A0249949AF58}
	EndGlobalSection
EndGlobal
